Microsoft Visual Studio Solution File, Format Version 11.00
# Visual Studio 2008

Project("{2F59CC65-F6A6-735D-FBBE-6AAED1E71CF4}") = "Maze Generator", "Assembly-CSharp.csproj", "{29BF0204-568B-8D8E-0895-BB5BC2CD441A}"
EndProject
Project("{2F59CC65-F6A6-735D-FBBE-6AAED1E71CF4}") = "Maze Generator", "Assembly-UnityScript.unityproj", "{7CFE25AD-7654-0D82-9717-BC76BDF59834}"
EndProject
Global
	GlobalSection(SolutionConfigurationPlatforms) = preSolution
		Debug|Any CPU = Debug|Any CPU
		Release|Any CPU = Release|Any CPU
	EndGlobalSection
	GlobalSection(ProjectConfigurationPlatforms) = postSolution
		{29BF0204-568B-8D8E-0895-BB5BC2CD441A}.Debug|Any CPU.ActiveCfg = Debug|Any CPU
		{29BF0204-568B-8D8E-0895-BB5BC2CD441A}.Debug|Any CPU.Build.0 = Debug|Any CPU
		{29BF0204-568B-8D8E-0895-BB5BC2CD441A}.Release|Any CPU.ActiveCfg = Release|Any CPU
		{29BF0204-568B-8D8E-0895-BB5BC2CD441A}.Release|Any CPU.Build.0 = Release|Any CPU
		{7CFE25AD-7654-0D82-9717-BC76BDF59834}.Debug|Any CPU.ActiveCfg = Debug|Any CPU
		{7CFE25AD-7654-0D82-9717-BC76BDF59834}.Debug|Any CPU.Build.0 = Debug|Any CPU
		{7CFE25AD-7654-0D82-9717-BC76BDF59834}.Release|Any CPU.ActiveCfg = Release|Any CPU
		{7CFE25AD-7654-0D82-9717-BC76BDF59834}.Release|Any CPU.Build.0 = Release|Any CPU
	EndGlobalSection
	GlobalSection(SolutionProperties) = preSolution
		HideSolutionNode = FALSE
	EndGlobalSection
		GlobalSection(MonoDevelopProperties) = preSolution
		StartupItem = Assembly-CSharp.csproj
		Policies = $0
		$0.TextStylePolicy = $1
		$1.inheritsSet = null
		$1.scope = text/x-csharp
		$0.CSharpFormattingPolicy = $2
		$2.inheritsSet = Mono
		$2.inheritsScope = text/x-csharp
		$2.scope = text/x-csharp
		$0.TextStylePolicy = $3
		$3.FileWidth = 120
		$3.TabWidth = 4
		$3.IndentWidth = 4
		$3.EolMarker = Unix
		$3.inheritsSet = Mono
		$3.inheritsScope = text/plain
		$3.scope = text/plain
	EndGlobalSection

EndGlobal
